
Microsoft Visual Studio Solution File, Format Version 12.00
# Visual Studio Version 16
VisualStudioVersion = 16.0.29418.71
MinimumVisualStudioVersion = 10.0.40219.1
Project("{8BC9CEB8-8B4A-11D0-8D11-00A0C91BC942}") = "VulkanGraphics", "VulkanGraphics\VulkanGraphics.vcxproj", "{790D6C84-478C-47AE-B2F4-6E3E7CF8FEB3}"
EndProject
Project("{8BC9CEB8-8B4A-11D0-8D11-00A0C91BC942}") = "TestArea3D", "TestArea3D\TestArea3D.vcxproj", "{9915F9CD-FD2A-4BBC-9FB3-5FAE2A6D66AC}"
EndProject
Project("{8BC9CEB8-8B4A-11D0-8D11-00A0C91BC942}") = "MegaManTestGame", "MegaManTestGame\MegaManTestGame.vcxproj", "{436F0AC6-D45A-4363-BC6F-FBF918AC5F97}"
EndProject
Global
	GlobalSection(SolutionConfigurationPlatforms) = preSolution
		Debug|x64 = Debug|x64
		Debug|x86 = Debug|x86
		Release|x64 = Release|x64
		Release|x86 = Release|x86
	EndGlobalSection
	GlobalSection(ProjectConfigurationPlatforms) = postSolution
		{790D6C84-478C-47AE-B2F4-6E3E7CF8FEB3}.Debug|x64.ActiveCfg = Debug|x64
		{790D6C84-478C-47AE-B2F4-6E3E7CF8FEB3}.Debug|x64.Build.0 = Debug|x64
		{790D6C84-478C-47AE-B2F4-6E3E7CF8FEB3}.Debug|x86.ActiveCfg = Debug|Win32
		{790D6C84-478C-47AE-B2F4-6E3E7CF8FEB3}.Debug|x86.Build.0 = Debug|Win32
		{790D6C84-478C-47AE-B2F4-6E3E7CF8FEB3}.Release|x64.ActiveCfg = Release|x64
		{790D6C84-478C-47AE-B2F4-6E3E7CF8FEB3}.Release|x64.Build.0 = Release|x64
		{790D6C84-478C-47AE-B2F4-6E3E7CF8FEB3}.Release|x86.ActiveCfg = Release|Win32
		{790D6C84-478C-47AE-B2F4-6E3E7CF8FEB3}.Release|x86.Build.0 = Release|Win32
		{9915F9CD-FD2A-4BBC-9FB3-5FAE2A6D66AC}.Debug|x64.ActiveCfg = Debug|x64
		{9915F9CD-FD2A-4BBC-9FB3-5FAE2A6D66AC}.Debug|x64.Build.0 = Debug|x64
		{9915F9CD-FD2A-4BBC-9FB3-5FAE2A6D66AC}.Debug|x86.ActiveCfg = Debug|Win32
		{9915F9CD-FD2A-4BBC-9FB3-5FAE2A6D66AC}.Debug|x86.Build.0 = Debug|Win32
		{9915F9CD-FD2A-4BBC-9FB3-5FAE2A6D66AC}.Release|x64.ActiveCfg = Release|x64
		{9915F9CD-FD2A-4BBC-9FB3-5FAE2A6D66AC}.Release|x64.Build.0 = Release|x64
		{9915F9CD-FD2A-4BBC-9FB3-5FAE2A6D66AC}.Release|x86.ActiveCfg = Release|Win32
		{9915F9CD-FD2A-4BBC-9FB3-5FAE2A6D66AC}.Release|x86.Build.0 = Release|Win32
		{436F0AC6-D45A-4363-BC6F-FBF918AC5F97}.Debug|x64.ActiveCfg = Debug|x64
		{436F0AC6-D45A-4363-BC6F-FBF918AC5F97}.Debug|x64.Build.0 = Debug|x64
		{436F0AC6-D45A-4363-BC6F-FBF918AC5F97}.Debug|x86.ActiveCfg = Debug|Win32
		{436F0AC6-D45A-4363-BC6F-FBF918AC5F97}.Debug|x86.Build.0 = Debug|Win32
		{436F0AC6-D45A-4363-BC6F-FBF918AC5F97}.Release|x64.ActiveCfg = Release|x64
		{436F0AC6-D45A-4363-BC6F-FBF918AC5F97}.Release|x64.Build.0 = Release|x64
		{436F0AC6-D45A-4363-BC6F-FBF918AC5F97}.Release|x86.ActiveCfg = Release|Win32
		{436F0AC6-D45A-4363-BC6F-FBF918AC5F97}.Release|x86.Build.0 = Release|Win32
	EndGlobalSection
	GlobalSection(SolutionProperties) = preSolution
		HideSolutionNode = FALSE
	EndGlobalSection
	GlobalSection(ExtensibilityGlobals) = postSolution
		SolutionGuid = {63E8DC03-AC03-4743-82B2-1EDFBD0BD518}
	EndGlobalSection
EndGlobal
